
Microsoft Visual Studio Solution File, Format Version 12.00
# Visual Studio Version 16
VisualStudioVersion = 16.0.30523.141
MinimumVisualStudioVersion = 10.0.40219.1
Project("{FAE04EC0-301F-11D3-BF4B-00C04F79EFBC}") = "my demo", "my demo.csproj", "{5665CBD0-AD3A-46EE-91CE-854D570A9EEB}"
EndProject
Global
	GlobalSection(SolutionConfigurationPlatforms) = preSolution
		Debug|Any CPU = Debug|Any CPU
		Release|Any CPU = Release|Any CPU
	EndGlobalSection
	GlobalSection(ProjectConfigurationPlatforms) = postSolution
		{5665CBD0-AD3A-46EE-91CE-854D570A9EEB}.Debug|Any CPU.ActiveCfg = Debug|Any CPU
		{5665CBD0-AD3A-46EE-91CE-854D570A9EEB}.Debug|Any CPU.Build.0 = Debug|Any CPU
		{5665CBD0-AD3A-46EE-91CE-854D570A9EEB}.Release|Any CPU.ActiveCfg = Release|Any CPU
		{5665CBD0-AD3A-46EE-91CE-854D570A9EEB}.Release|Any CPU.Build.0 = Release|Any CPU
	EndGlobalSection
	GlobalSection(SolutionProperties) = preSolution
		HideSolutionNode = FALSE
	EndGlobalSection
	GlobalSection(ExtensibilityGlobals) = postSolution
		SolutionGuid = {839875AC-6929-4A53-9204-D6F69E62C426}
	EndGlobalSection
EndGlobal
